// !$*UTF8*$!
{
	archiveVersion = 1;
	classes = {
	};
	objectVersion = 46;
	objects = {

/* Begin PBXBuildFile section */
		D32C2B6A2198A307005A0FAD /* AppDelegate.swift in Sources */ = {isa = PBXBuildFile; fileRef = D32C2B692198A307005A0FAD /* AppDelegate.swift */; };
		D32C2B6C2198A307005A0FAD /* ViewController.swift in Sources */ = {isa = PBXBuildFile; fileRef = D32C2B6B2198A307005A0FAD /* ViewController.swift */; };
		D32C2B6F2198A307005A0FAD /* Main.storyboard in Resources */ = {isa = PBXBuildFile; fileRef = D32C2B6D2198A307005A0FAD /* Main.storyboard */; };
		D32C2B712198A308005A0FAD /* Assets.xcassets in Resources */ = {isa = PBXBuildFile; fileRef = D32C2B702198A308005A0FAD /* Assets.xcassets */; };
		D32C2B742198A308005A0FAD /* LaunchScreen.storyboard in Resources */ = {isa = PBXBuildFile; fileRef = D32C2B722198A308005A0FAD /* LaunchScreen.storyboard */; };
		D32C2B7F2198A308005A0FAD /* Cap6Tests.swift in Sources */ = {isa = PBXBuildFile; fileRef = D32C2B7E2198A308005A0FAD /* Cap6Tests.swift */; };
		D32C2B8A2198A308005A0FAD /* Cap6UITests.swift in Sources */ = {isa = PBXBuildFile; fileRef = D32C2B892198A308005A0FAD /* Cap6UITests.swift */; };
/* End PBXBuildFile section */

/* Begin PBXContainerItemProxy section */
		D32C2B7B2198A308005A0FAD /* PBXContainerItemProxy */ = {
			isa = PBXContainerItemProxy;
			containerPortal = D32C2B5E2198A305005A0FAD /* Project object */;
			proxyType = 1;
			remoteGlobalIDString = D32C2B652198A307005A0FAD;
			remoteInfo = Cap6;
		};
		D32C2B862198A308005A0FAD /* PBXContainerItemProxy */ = {
			isa = PBXContainerItemProxy;
			containerPortal = D32C2B5E2198A305005A0FAD /* Project object */;
			proxyType = 1;
			remoteGlobalIDString = D32C2B652198A307005A0FAD;
			remoteInfo = Cap6;
		};
/* End PBXContainerItemProxy section */

/* Begin PBXFileReference section */
		D32C2B662198A307005A0FAD /* Cap6.app */ = {isa = PBXFileReference; explicitFileType = wrapper.application; includeInIndex = 0; path = Cap6.app; sourceTree = BUILT_PRODUCTS_DIR; };
		D32C2B692198A307005A0FAD /* AppDelegate.swift */ = {isa = PBXFileReference; lastKnownFileType = sourcecode.swift; path = AppDelegate.swift; sourceTree = "<group>"; };
		D32C2B6B2198A307005A0FAD /* ViewController.swift */ = {isa = PBXFileReference; lastKnownFileType = sourcecode.swift; path = ViewController.swift; sourceTree = "<group>"; };
		D32C2B6E2198A307005A0FAD /* Base */ = {isa = PBXFileReference; lastKnownFileType = file.storyboard; name = Base; path = Base.lproj/Main.storyboard; sourceTree = "<group>"; };
		D32C2B702198A308005A0FAD /* Assets.xcassets */ = {isa = PBXFileReference; lastKnownFileType = folder.assetcatalog; path = Assets.xcassets; sourceTree = "<group>"; };
		D32C2B732198A308005A0FAD /* Base */ = {isa = PBXFileReference; lastKnownFileType = file.storyboard; name = Base; path = Base.lproj/LaunchScreen.storyboard; sourceTree = "<group>"; };
		D32C2B752198A308005A0FAD /* Info.plist */ = {isa = PBXFileReference; lastKnownFileType = text.plist.xml; path = Info.plist; sourceTree = "<group>"; };
		D32C2B7A2198A308005A0FAD /* Cap6Tests.xctest */ = {isa = PBXFileReference; explicitFileType = wrapper.cfbundle; includeInIndex = 0; path = Cap6Tests.xctest; sourceTree = BUILT_PRODUCTS_DIR; };
		D32C2B7E2198A308005A0FAD /* Cap6Tests.swift */ = {isa = PBXFileReference; lastKnownFileType = sourcecode.swift; path = Cap6Tests.swift; sourceTree = "<group>"; };
		D32C2B802198A308005A0FAD /* Info.plist */ = {isa = PBXFileReference; lastKnownFileType = text.plist.xml; path = Info.plist; sourceTree = "<group>"; };
		D32C2B852198A308005A0FAD /* Cap6UITests.xctest */ = {isa = PBXFileReference; explicitFileType = wrapper.cfbundle; includeInIndex = 0; path = Cap6UITests.xctest; sourceTree = BUILT_PRODUCTS_DIR; };
		D32C2B892198A308005A0FAD /* Cap6UITests.swift */ = {isa = PBXFileReference; lastKnownFileType = sourcecode.swift; path = Cap6UITests.swift; sourceTree = "<group>"; };
		D32C2B8B2198A308005A0FAD /* Info.plist */ = {isa = PBXFileReference; lastKnownFileType = text.plist.xml; path = Info.plist; sourceTree = "<group>"; };
/* End PBXFileReference section */

/* Begin PBXFrameworksBuildPhase section */
		D32C2B632198A307005A0FAD /* Frameworks */ = {
			isa = PBXFrameworksBuildPhase;
			buildActionMask = 2147483647;
			files = (
			);
			runOnlyForDeploymentPostprocessing = 0;
		};
		D32C2B772198A308005A0FAD /* Frameworks */ = {
			isa = PBXFrameworksBuildPhase;
			buildActionMask = 2147483647;
			files = (
			);
			runOnlyForDeploymentPostprocessing = 0;
		};
		D32C2B822198A308005A0FAD /* Frameworks */ = {
			isa = PBXFrameworksBuildPhase;
			buildActionMask = 2147483647;
			files = (
			);
			runOnlyForDeploymentPostprocessing = 0;
		};
/* End PBXFrameworksBuildPhase section */

/* Begin PBXGroup section */
		D32C2B5D2198A305005A0FAD = {
			isa = PBXGroup;
			children = (
				D32C2B682198A307005A0FAD /* Cap6 */,
				D32C2B7D2198A308005A0FAD /* Cap6Tests */,
				D32C2B882198A308005A0FAD /* Cap6UITests */,
				D32C2B672198A307005A0FAD /* Products */,
			);
			sourceTree = "<group>";
		};
		D32C2B672198A307005A0FAD /* Products */ = {
			isa = PBXGroup;
			children = (
				D32C2B662198A307005A0FAD /* Cap6.app */,
				D32C2B7A2198A308005A0FAD /* Cap6Tests.xctest */,
				D32C2B852198A308005A0FAD /* Cap6UITests.xctest */,
			);
			name = Products;
			sourceTree = "<group>";
		};
		D32C2B682198A307005A0FAD /* Cap6 */ = {
			isa = PBXGroup;
			children = (
				D32C2B692198A307005A0FAD /* AppDelegate.swift */,
				D32C2B6B2198A307005A0FAD /* ViewController.swift */,
				D32C2B6D2198A307005A0FAD /* Main.storyboard */,
				D32C2B702198A308005A0FAD /* Assets.xcassets */,
				D32C2B722198A308005A0FAD /* LaunchScreen.storyboard */,
				D32C2B752198A308005A0FAD /* Info.plist */,
			);
			path = Cap6;
			sourceTree = "<group>";
		};
		D32C2B7D2198A308005A0FAD /* Cap6Tests */ = {
			isa = PBXGroup;
			children = (
				D32C2B7E2198A308005A0FAD /* Cap6Tests.swift */,
				D32C2B802198A308005A0FAD /* Info.plist */,
			);
			path = Cap6Tests;
			sourceTree = "<group>";
		};
		D32C2B882198A308005A0FAD /* Cap6UITests */ = {
			isa = PBXGroup;
			children = (
				D32C2B892198A308005A0FAD /* Cap6UITests.swift */,
				D32C2B8B2198A308005A0FAD /* Info.plist */,
			);
			path = Cap6UITests;
			sourceTree = "<group>";
		};
/* End PBXGroup section */

/* Begin PBXNativeTarget section */
		D32C2B652198A307005A0FAD /* Cap6 */ = {
			isa = PBXNativeTarget;
			buildConfigurationList = D32C2B8E2198A308005A0FAD /* Build configuration list for PBXNativeTarget "Cap6" */;
			buildPhases = (
				D32C2B622198A307005A0FAD /* Sources */,
				D32C2B632198A307005A0FAD /* Frameworks */,
				D32C2B642198A307005A0FAD /* Resources */,
			);
			buildRules = (
			);
			dependencies = (
			);
			name = Cap6;
			productName = Cap6;
			productReference = D32C2B662198A307005A0FAD /* Cap6.app */;
			productType = "com.apple.product-type.application";
		};
		D32C2B792198A308005A0FAD /* Cap6Tests */ = {
			isa = PBXNativeTarget;
			buildConfigurationList = D32C2B912198A308005A0FAD /* Build configuration list for PBXNativeTarget "Cap6Tests" */;
			buildPhases = (
				D32C2B762198A308005A0FAD /* Sources */,
				D32C2B772198A308005A0FAD /* Frameworks */,
				D32C2B782198A308005A0FAD /* Resources */,
			);
			buildRules = (
			);
			dependencies = (
				D32C2B7C2198A308005A0FAD /* PBXTargetDependency */,
			);
			name = Cap6Tests;
			productName = Cap6Tests;
			productReference = D32C2B7A2198A308005A0FAD /* Cap6Tests.xctest */;
			productType = "com.apple.product-type.bundle.unit-test";
		};
		D32C2B842198A308005A0FAD /* Cap6UITests */ = {
			isa = PBXNativeTarget;
			buildConfigurationList = D32C2B942198A308005A0FAD /* Build configuration list for PBXNativeTarget "Cap6UITests" */;
			buildPhases = (
				D32C2B812198A308005A0FAD /* Sources */,
				D32C2B822198A308005A0FAD /* Frameworks */,
				D32C2B832198A308005A0FAD /* Resources */,
			);
			buildRules = (
			);
			dependencies = (
				D32C2B872198A308005A0FAD /* PBXTargetDependency */,
			);
			name = Cap6UITests;
			productName = Cap6UITests;
			productReference = D32C2B852198A308005A0FAD /* Cap6UITests.xctest */;
			productType = "com.apple.product-type.bundle.ui-testing";
		};
/* End PBXNativeTarget section */

/* Begin PBXProject section */
		D32C2B5E2198A305005A0FAD /* Project object */ = {
			isa = PBXProject;
			attributes = {
				LastUpgradeCheck = 0700;
				ORGANIZATIONNAME = Alberto;
				TargetAttributes = {
					D32C2B652198A307005A0FAD = {
						CreatedOnToolsVersion = 7.0;
					};
					D32C2B792198A308005A0FAD = {
						CreatedOnToolsVersion = 7.0;
						TestTargetID = D32C2B652198A307005A0FAD;
					};
					D32C2B842198A308005A0FAD = {
						CreatedOnToolsVersion = 7.0;
						TestTargetID = D32C2B652198A307005A0FAD;
					};
				};
			};
			buildConfigurationList = D32C2B612198A305005A0FAD /* Build configuration list for PBXProject "Cap6" */;
			compatibilityVersion = "Xcode 3.2";
			developmentRegion = English;
			hasScannedForEncodings = 0;
			knownRegions = (
				en,
				Base,
			);
			mainGroup = D32C2B5D2198A305005A0FAD;
			productRefGroup = D32C2B672198A307005A0FAD /* Products */;
			projectDirPath = "";
			projectRoot = "";
			targets = (
				D32C2B652198A307005A0FAD /* Cap6 */,
				D32C2B792198A308005A0FAD /* Cap6Tests */,
				D32C2B842198A308005A0FAD /* Cap6UITests */,
			);
		};
/* End PBXProject section */

/* Begin PBXResourcesBuildPhase section */
		D32C2B642198A307005A0FAD /* Resources */ = {
			isa = PBXResourcesBuildPhase;
			buildActionMask = 2147483647;
			files = (
				D32C2B742198A308005A0FAD /* LaunchScreen.storyboard in Resources */,
				D32C2B712198A308005A0FAD /* Assets.xcassets in Resources */,
				D32C2B6F2198A307005A0FAD /* Main.storyboard in Resources */,
			);
			runOnlyForDeploymentPostprocessing = 0;
		};
		D32C2B782198A308005A0FAD /* Resources */ = {
			isa = PBXResourcesBuildPhase;
			buildActionMask = 2147483647;
			files = (
			);
			runOnlyForDeploymentPostprocessing = 0;
		};
		D32C2B832198A308005A0FAD /* Resources */ = {
			isa = PBXResourcesBuildPhase;
			buildActionMask = 2147483647;
			files = (
			);
			runOnlyForDeploymentPostprocessing = 0;
		};
/* End PBXResourcesBuildPhase section */

/* Begin PBXSourcesBuildPhase section */
		D32C2B622198A307005A0FAD /* Sources */ = {
			isa = PBXSourcesBuildPhase;
			buildActionMask = 2147483647;
			files = (
				D32C2B6C2198A307005A0FAD /* ViewController.swift in Sources */,
				D32C2B6A2198A307005A0FAD /* AppDelegate.swift in Sources */,
			);
			runOnlyForDeploymentPostprocessing = 0;
		};
		D32C2B762198A308005A0FAD /* Sources */ = {
			isa = PBXSourcesBuildPhase;
			buildActionMask = 2147483647;
			files = (
				D32C2B7F2198A308005A0FAD /* Cap6Tests.swift in Sources */,
			);
			runOnlyForDeploymentPostprocessing = 0;
		};
		D32C2B812198A308005A0FAD /* Sources */ = {
			isa = PBXSourcesBuildPhase;
			buildActionMask = 2147483647;
			files = (
				D32C2B8A2198A308005A0FAD /* Cap6UITests.swift in Sources */,
			);
			runOnlyForDeploymentPostprocessing = 0;
		};
/* End PBXSourcesBuildPhase section */

/* Begin PBXTargetDependency section */
		D32C2B7C2198A308005A0FAD /* PBXTargetDependency */ = {
			isa = PBXTargetDependency;
			target = D32C2B652198A307005A0FAD /* Cap6 */;
			targetProxy = D32C2B7B2198A308005A0FAD /* PBXContainerItemProxy */;
		};
		D32C2B872198A308005A0FAD /* PBXTargetDependency */ = {
			isa = PBXTargetDependency;
			target = D32C2B652198A307005A0FAD /* Cap6 */;
			targetProxy = D32C2B862198A308005A0FAD /* PBXContainerItemProxy */;
		};
/* End PBXTargetDependency section */

/* Begin PBXVariantGroup section */
		D32C2B6D2198A307005A0FAD /* Main.storyboard */ = {
			isa = PBXVariantGroup;
			children = (
				D32C2B6E2198A307005A0FAD /* Base */,
			);
			name = Main.storyboard;
			sourceTree = "<group>";
		};
		D32C2B722198A308005A0FAD /* LaunchScreen.storyboard */ = {
			isa = PBXVariantGroup;
			children = (
				D32C2B732198A308005A0FAD /* Base */,
			);
			name = LaunchScreen.storyboard;
			sourceTree = "<group>";
		};
/* End PBXVariantGroup section */

/* Begin XCBuildConfiguration section */
		D32C2B8C2198A308005A0FAD /* Debug */ = {
			isa = XCBuildConfiguration;
			buildSettings = {
				ALWAYS_SEARCH_USER_PATHS = NO;
				CLANG_CXX_LANGUAGE_STANDARD = "gnu++0x";
				CLANG_CXX_LIBRARY = "libc++";
				CLANG_ENABLE_MODULES = YES;
				CLANG_ENABLE_OBJC_ARC = YES;
				CLANG_WARN_BOOL_CONVERSION = YES;
				CLANG_WARN_CONSTANT_CONVERSION = YES;
				CLANG_WARN_DIRECT_OBJC_ISA_USAGE = YES_ERROR;
				CLANG_WARN_EMPTY_BODY = YES;
				CLANG_WARN_ENUM_CONVERSION = YES;
				CLANG_WARN_INT_CONVERSION = YES;
				CLANG_WARN_OBJC_ROOT_CLASS = YES_ERROR;
				CLANG_WARN_UNREACHABLE_CODE = YES;
				CLANG_WARN__DUPLICATE_METHOD_MATCH = YES;
				"CODE_SIGN_IDENTITY[sdk=iphoneos*]" = "iPhone Developer";
				COPY_PHASE_STRIP = NO;
				DEBUG_INFORMATION_FORMAT = dwarf;
				ENABLE_STRICT_OBJC_MSGSEND = YES;
				ENABLE_TESTABILITY = YES;
				GCC_C_LANGUAGE_STANDARD = gnu99;
				GCC_DYNAMIC_NO_PIC = NO;
				GCC_NO_COMMON_BLOCKS = YES;
				GCC_OPTIMIZATION_LEVEL = 0;
				GCC_PREPROCESSOR_DEFINITIONS = (
					"DEBUG=1",
					"$(inherited)",
				);
				GCC_WARN_64_TO_32_BIT_CONVERSION = YES;
				GCC_WARN_ABOUT_RETURN_TYPE = YES_ERROR;
				GCC_WARN_UNDECLARED_SELECTOR = YES;
				GCC_WARN_UNINITIALIZED_AUTOS = YES_AGGRESSIVE;
				GCC_WARN_UNUSED_FUNCTION = YES;
				GCC_WARN_UNUSED_VARIABLE = YES;
				IPHONEOS_DEPLOYMENT_TARGET = 9.0;
				MTL_ENABLE_DEBUG_INFO = YES;
				ONLY_ACTIVE_ARCH = YES;
				SDKROOT = iphoneos;
				SWIFT_OPTIMIZATION_LEVEL = "-Onone";
			};
			name = Debug;
		};
		D32C2B8D2198A308005A0FAD /* Release */ = {
			isa = XCBuildConfiguration;
			buildSettings = {
				ALWAYS_SEARCH_USER_PATHS = NO;
				CLANG_CXX_LANGUAGE_STANDARD = "gnu++0x";
				CLANG_CXX_LIBRARY = "libc++";
				CLANG_ENABLE_MODULES = YES;
				CLANG_ENABLE_OBJC_ARC = YES;
				CLANG_WARN_BOOL_CONVERSION = YES;
				CLANG_WARN_CONSTANT_CONVERSION = YES;
				CLANG_WARN_DIRECT_OBJC_ISA_USAGE = YES_ERROR;
				CLANG_WARN_EMPTY_BODY = YES;
				CLANG_WARN_ENUM_CONVERSION = YES;
				CLANG_WARN_INT_CONVERSION = YES;
				CLANG_WARN_OBJC_ROOT_CLASS = YES_ERROR;
				CLANG_WARN_UNREACHABLE_CODE = YES;
				CLANG_WARN__DUPLICATE_METHOD_MATCH = YES;
				"CODE_SIGN_IDENTITY[sdk=iphoneos*]" = "iPhone Developer";
				COPY_PHASE_STRIP = NO;
				DEBUG_INFORMATION_FORMAT = "dwarf-with-dsym";
				ENABLE_NS_ASSERTIONS = NO;
				ENABLE_STRICT_OBJC_MSGSEND = YES;
				GCC_C_LANGUAGE_STANDARD = gnu99;
				GCC_NO_COMMON_BLOCKS = YES;
				GCC_WARN_64_TO_32_BIT_CONVERSION = YES;
				GCC_WARN_ABOUT_RETURN_TYPE = YES_ERROR;
				GCC_WARN_UNDECLARED_SELECTOR = YES;
				GCC_WARN_UNINITIALIZED_AUTOS = YES_AGGRESSIVE;
				GCC_WARN_UNUSED_FUNCTION = YES;
				GCC_WARN_UNUSED_VARIABLE = YES;
				IPHONEOS_DEPLOYMENT_TARGET = 9.0;
				MTL_ENABLE_DEBUG_INFO = NO;
				SDKROOT = iphoneos;
				VALIDATE_PRODUCT = YES;
			};
			name = Release;
		};
		D32C2B8F2198A308005A0FAD /* Debug */ = {
			isa = XCBuildConfiguration;
			buildSettings = {
				ASSETCATALOG_COMPILER_APPICON_NAME = AppIcon;
				INFOPLIST_FILE = Cap6/Info.plist;
				LD_RUNPATH_SEARCH_PATHS = "$(inherited) @executable_path/Frameworks";
				PRODUCT_BUNDLE_IDENTIFIER = com.company.Cap6;
				PRODUCT_NAME = "$(TARGET_NAME)";
			};
			name = Debug;
		};
		D32C2B902198A308005A0FAD /* Release */ = {
			isa = XCBuildConfiguration;
			buildSettings = {
				ASSETCATALOG_COMPILER_APPICON_NAME = AppIcon;
				INFOPLIST_FILE = Cap6/Info.plist;
				LD_RUNPATH_SEARCH_PATHS = "$(inherited) @executable_path/Frameworks";
				PRODUCT_BUNDLE_IDENTIFIER = com.company.Cap6;
				PRODUCT_NAME = "$(TARGET_NAME)";
			};
			name = Release;
		};
		D32C2B922198A308005A0FAD /* Debug */ = {
			isa = XCBuildConfiguration;
			buildSettings = {
				BUNDLE_LOADER = "$(TEST_HOST)";
				INFOPLIST_FILE = Cap6Tests/Info.plist;
				LD_RUNPATH_SEARCH_PATHS = "$(inherited) @executable_path/Frameworks @loader_path/Frameworks";
				PRODUCT_BUNDLE_IDENTIFIER = com.company.Cap6Tests;
				PRODUCT_NAME = "$(TARGET_NAME)";
				TEST_HOST = "$(BUILT_PRODUCTS_DIR)/Cap6.app/Cap6";
			};
			name = Debug;
		};
		D32C2B932198A308005A0FAD /* Release */ = {
			isa = XCBuildConfiguration;
			buildSettings = {
				BUNDLE_LOADER = "$(TEST_HOST)";
				INFOPLIST_FILE = Cap6Tests/Info.plist;
				LD_RUNPATH_SEARCH_PATHS = "$(inherited) @executable_path/Frameworks @loader_path/Frameworks";
				PRODUCT_BUNDLE_IDENTIFIER = com.company.Cap6Tests;
				PRODUCT_NAME = "$(TARGET_NAME)";
				TEST_HOST = "$(BUILT_PRODUCTS_DIR)/Cap6.app/Cap6";
			};
			name = Release;
		};
		D32C2B952198A308005A0FAD /* Debug */ = {
			isa = XCBuildConfiguration;
			buildSettings = {
				INFOPLIST_FILE = Cap6UITests/Info.plist;
				LD_RUNPATH_SEARCH_PATHS = "$(inherited) @executable_path/Frameworks @loader_path/Frameworks";
				PRODUCT_BUNDLE_IDENTIFIER = com.company.Cap6UITests;
				PRODUCT_NAME = "$(TARGET_NAME)";
				TEST_TARGET_NAME = Cap6;
				USES_XCTRUNNER = YES;
			};
			name = Debug;
		};
		D32C2B962198A308005A0FAD /* Release */ = {
			isa = XCBuildConfiguration;
			buildSettings = {
				INFOPLIST_FILE = Cap6UITests/Info.plist;
				LD_RUNPATH_SEARCH_PATHS = "$(inherited) @executable_path/Frameworks @loader_path/Frameworks";
				PRODUCT_BUNDLE_IDENTIFIER = com.company.Cap6UITests;
				PRODUCT_NAME = "$(TARGET_NAME)";
				TEST_TARGET_NAME = Cap6;
				USES_XCTRUNNER = YES;
			};
			name = Release;
		};
/* End XCBuildConfiguration section */

/* Begin XCConfigurationList section */
		D32C2B612198A305005A0FAD /* Build configuration list for PBXProject "Cap6" */ = {
			isa = XCConfigurationList;
			buildConfigurations = (
				D32C2B8C2198A308005A0FAD /* Debug */,
				D32C2B8D2198A308005A0FAD /* Release */,
			);
			defaultConfigurationIsVisible = 0;
			defaultConfigurationName = Release;
		};
		D32C2B8E2198A308005A0FAD /* Build configuration list for PBXNativeTarget "Cap6" */ = {
			isa = XCConfigurationList;
			buildConfigurations = (
				D32C2B8F2198A308005A0FAD /* Debug */,
				D32C2B902198A308005A0FAD /* Release */,
			);
			defaultConfigurationIsVisible = 0;
		};
		D32C2B912198A308005A0FAD /* Build configuration list for PBXNativeTarget "Cap6Tests" */ = {
			isa = XCConfigurationList;
			buildConfigurations = (
				D32C2B922198A308005A0FAD /* Debug */,
				D32C2B932198A308005A0FAD /* Release */,
			);
			defaultConfigurationIsVisible = 0;
		};
		D32C2B942198A308005A0FAD /* Build configuration list for PBXNativeTarget "Cap6UITests" */ = {
			isa = XCConfigurationList;
			buildConfigurations = (
				D32C2B952198A308005A0FAD /* Debug */,
				D32C2B962198A308005A0FAD /* Release */,
			);
			defaultConfigurationIsVisible = 0;
		};
/* End XCConfigurationList section */
	};
	rootObject = D32C2B5E2198A305005A0FAD /* Project object */;
}
